
Microsoft Visual Studio Solution File, Format Version 12.00
# Visual Studio 15
VisualStudioVersion = 15.0.28010.2026
MinimumVisualStudioVersion = 10.0.40219.1
Project("{FAE04EC0-301F-11D3-BF4B-00C04F79EFBC}") = "AuthorizeNetSample.Main", "AuthorizeNetSample\AuthorizeNetSample.Main.csproj", "{A6352B41-2369-4637-8C59-3F31D9A69654}"
EndProject
Project("{FAE04EC0-301F-11D3-BF4B-00C04F79EFBC}") = "AuthorizeNetSample.PaymentSystem", "AuthorizeNetSample.PaymentSystem\AuthorizeNetSample.PaymentSystem.csproj", "{0AF185A8-8487-411B-9A76-1135BFB9AD92}"
EndProject
Project("{FAE04EC0-301F-11D3-BF4B-00C04F79EFBC}") = "AuthorizeNetSample.Common", "AuthorizeNetSample.Common\AuthorizeNetSample.Common.csproj", "{50A58F9F-DA62-4790-9659-7D69215BE6DA}"
EndProject
Global
	GlobalSection(SolutionConfigurationPlatforms) = preSolution
		Debug|Any CPU = Debug|Any CPU
		Release|Any CPU = Release|Any CPU
	EndGlobalSection
	GlobalSection(ProjectConfigurationPlatforms) = postSolution
		{A6352B41-2369-4637-8C59-3F31D9A69654}.Debug|Any CPU.ActiveCfg = Debug|Any CPU
		{A6352B41-2369-4637-8C59-3F31D9A69654}.Debug|Any CPU.Build.0 = Debug|Any CPU
		{A6352B41-2369-4637-8C59-3F31D9A69654}.Release|Any CPU.ActiveCfg = Release|Any CPU
		{A6352B41-2369-4637-8C59-3F31D9A69654}.Release|Any CPU.Build.0 = Release|Any CPU
		{0AF185A8-8487-411B-9A76-1135BFB9AD92}.Debug|Any CPU.ActiveCfg = Debug|Any CPU
		{0AF185A8-8487-411B-9A76-1135BFB9AD92}.Debug|Any CPU.Build.0 = Debug|Any CPU
		{0AF185A8-8487-411B-9A76-1135BFB9AD92}.Release|Any CPU.ActiveCfg = Release|Any CPU
		{0AF185A8-8487-411B-9A76-1135BFB9AD92}.Release|Any CPU.Build.0 = Release|Any CPU
		{50A58F9F-DA62-4790-9659-7D69215BE6DA}.Debug|Any CPU.ActiveCfg = Debug|Any CPU
		{50A58F9F-DA62-4790-9659-7D69215BE6DA}.Debug|Any CPU.Build.0 = Debug|Any CPU
		{50A58F9F-DA62-4790-9659-7D69215BE6DA}.Release|Any CPU.ActiveCfg = Release|Any CPU
		{50A58F9F-DA62-4790-9659-7D69215BE6DA}.Release|Any CPU.Build.0 = Release|Any CPU
	EndGlobalSection
	GlobalSection(SolutionProperties) = preSolution
		HideSolutionNode = FALSE
	EndGlobalSection
	GlobalSection(ExtensibilityGlobals) = postSolution
		SolutionGuid = {017FE7B2-B820-4BFF-A50A-9BC6DC28552F}
	EndGlobalSection
EndGlobal
