
Microsoft Visual Studio Solution File, Format Version 12.00
# Visual Studio 15
VisualStudioVersion = 15.0.28010.2026
MinimumVisualStudioVersion = 10.0.40219.1
Project("{FAE04EC0-301F-11D3-BF4B-00C04F79EFBC}") = "AuthorizeNetSample.Main", "AuthorizeNetSample\AuthorizeNetSample.Main.csproj", "{A6352B41-2369-4637-8C59-3F31D9A69654}"
	ProjectSection(ProjectDependencies) = postProject
		{50A58F9F-DA62-4790-9659-7D69215BE6DA} = {50A58F9F-DA62-4790-9659-7D69215BE6DA}
	EndProjectSection
EndProject
Project("{FAE04EC0-301F-11D3-BF4B-00C04F79EFBC}") = "AuthorizeNetSample.PaymentSystem", "AuthorizeNetSample.PaymentSystem\AuthorizeNetSample.PaymentSystem.csproj", "{0AF185A8-8487-411B-9A76-1135BFB9AD92}"
EndProject
Project("{FAE04EC0-301F-11D3-BF4B-00C04F79EFBC}") = "AuthorizeNetSample.Common", "AuthorizeNetSample.Common\AuthorizeNetSample.Common.csproj", "{50A58F9F-DA62-4790-9659-7D69215BE6DA}"
EndProject
Project("{FAE04EC0-301F-11D3-BF4B-00C04F79EFBC}") = "AuthorizeNetSample.DAL", "AuthorizeNetSample.DAL\AuthorizeNetSample.DAL.csproj", "{8061DD8B-F415-4C27-B8C1-2D845357E13D}"
EndProject
Project("{FAE04EC0-301F-11D3-BF4B-00C04F79EFBC}") = "AuthorizeNetSample.BLL", "AuthorizeNetSample.BLL\AuthorizeNetSample.BLL.csproj", "{1753CB9F-D4B8-4EF7-9720-B7BBC3D38B63}"
EndProject
Project("{FAE04EC0-301F-11D3-BF4B-00C04F79EFBC}") = "AuthorizeNetSample.Tests", "AuthorizeNetSample.Tests\AuthorizeNetSample.Tests.csproj", "{423A78B6-13B1-4912-8D75-ED88E849DA59}"
EndProject
Project("{FAE04EC0-301F-11D3-BF4B-00C04F79EFBC}") = "AuthorizeNetSample.Repositories", "AuthorizeNetSample.Repositories\AuthorizeNetSample.Repositories.csproj", "{69502DC3-5B39-4BA2-B21F-5990E3089E82}"
EndProject
Global
	GlobalSection(SolutionConfigurationPlatforms) = preSolution
		Debug|Any CPU = Debug|Any CPU
		Release|Any CPU = Release|Any CPU
	EndGlobalSection
	GlobalSection(ProjectConfigurationPlatforms) = postSolution
		{A6352B41-2369-4637-8C59-3F31D9A69654}.Debug|Any CPU.ActiveCfg = Debug|Any CPU
		{A6352B41-2369-4637-8C59-3F31D9A69654}.Debug|Any CPU.Build.0 = Debug|Any CPU
		{A6352B41-2369-4637-8C59-3F31D9A69654}.Release|Any CPU.ActiveCfg = Release|Any CPU
		{A6352B41-2369-4637-8C59-3F31D9A69654}.Release|Any CPU.Build.0 = Release|Any CPU
		{0AF185A8-8487-411B-9A76-1135BFB9AD92}.Debug|Any CPU.ActiveCfg = Debug|Any CPU
		{0AF185A8-8487-411B-9A76-1135BFB9AD92}.Debug|Any CPU.Build.0 = Debug|Any CPU
		{0AF185A8-8487-411B-9A76-1135BFB9AD92}.Release|Any CPU.ActiveCfg = Release|Any CPU
		{0AF185A8-8487-411B-9A76-1135BFB9AD92}.Release|Any CPU.Build.0 = Release|Any CPU
		{50A58F9F-DA62-4790-9659-7D69215BE6DA}.Debug|Any CPU.ActiveCfg = Debug|Any CPU
		{50A58F9F-DA62-4790-9659-7D69215BE6DA}.Debug|Any CPU.Build.0 = Debug|Any CPU
		{50A58F9F-DA62-4790-9659-7D69215BE6DA}.Release|Any CPU.ActiveCfg = Release|Any CPU
		{50A58F9F-DA62-4790-9659-7D69215BE6DA}.Release|Any CPU.Build.0 = Release|Any CPU
		{8061DD8B-F415-4C27-B8C1-2D845357E13D}.Debug|Any CPU.ActiveCfg = Debug|Any CPU
		{8061DD8B-F415-4C27-B8C1-2D845357E13D}.Debug|Any CPU.Build.0 = Debug|Any CPU
		{8061DD8B-F415-4C27-B8C1-2D845357E13D}.Release|Any CPU.ActiveCfg = Release|Any CPU
		{8061DD8B-F415-4C27-B8C1-2D845357E13D}.Release|Any CPU.Build.0 = Release|Any CPU
		{1753CB9F-D4B8-4EF7-9720-B7BBC3D38B63}.Debug|Any CPU.ActiveCfg = Debug|Any CPU
		{1753CB9F-D4B8-4EF7-9720-B7BBC3D38B63}.Debug|Any CPU.Build.0 = Debug|Any CPU
		{1753CB9F-D4B8-4EF7-9720-B7BBC3D38B63}.Release|Any CPU.ActiveCfg = Release|Any CPU
		{1753CB9F-D4B8-4EF7-9720-B7BBC3D38B63}.Release|Any CPU.Build.0 = Release|Any CPU
		{423A78B6-13B1-4912-8D75-ED88E849DA59}.Debug|Any CPU.ActiveCfg = Debug|Any CPU
		{423A78B6-13B1-4912-8D75-ED88E849DA59}.Debug|Any CPU.Build.0 = Debug|Any CPU
		{423A78B6-13B1-4912-8D75-ED88E849DA59}.Release|Any CPU.ActiveCfg = Release|Any CPU
		{423A78B6-13B1-4912-8D75-ED88E849DA59}.Release|Any CPU.Build.0 = Release|Any CPU
		{69502DC3-5B39-4BA2-B21F-5990E3089E82}.Debug|Any CPU.ActiveCfg = Debug|Any CPU
		{69502DC3-5B39-4BA2-B21F-5990E3089E82}.Debug|Any CPU.Build.0 = Debug|Any CPU
		{69502DC3-5B39-4BA2-B21F-5990E3089E82}.Release|Any CPU.ActiveCfg = Release|Any CPU
		{69502DC3-5B39-4BA2-B21F-5990E3089E82}.Release|Any CPU.Build.0 = Release|Any CPU
	EndGlobalSection
	GlobalSection(SolutionProperties) = preSolution
		HideSolutionNode = FALSE
	EndGlobalSection
	GlobalSection(ExtensibilityGlobals) = postSolution
		SolutionGuid = {017FE7B2-B820-4BFF-A50A-9BC6DC28552F}
	EndGlobalSection
EndGlobal
